
Microsoft Visual Studio Solution File, Format Version 12.00
# Visual Studio Version 17
VisualStudioVersion = 17.14.36518.9 d17.14
MinimumVisualStudioVersion = 10.0.40219.1
Project("{FAE04EC0-301F-11D3-BF4B-00C04F79EFBC}") = "SpecParametersUpdater", "SpecParametersUpdater\SpecParametersUpdater.csproj", "{C201BFEA-F894-4F39-A4F1-97C9C5457559}"
EndProject
Global
	GlobalSection(SolutionConfigurationPlatforms) = preSolution
		Debug|Any CPU = Debug|Any CPU
		Release|Any CPU = Release|Any CPU
	EndGlobalSection
	GlobalSection(ProjectConfigurationPlatforms) = postSolution
		{C201BFEA-F894-4F39-A4F1-97C9C5457559}.Debug|Any CPU.ActiveCfg = Debug|Any CPU
		{C201BFEA-F894-4F39-A4F1-97C9C5457559}.Debug|Any CPU.Build.0 = Debug|Any CPU
		{C201BFEA-F894-4F39-A4F1-97C9C5457559}.Release|Any CPU.ActiveCfg = Release|Any CPU
		{C201BFEA-F894-4F39-A4F1-97C9C5457559}.Release|Any CPU.Build.0 = Release|Any CPU
	EndGlobalSection
	GlobalSection(SolutionProperties) = preSolution
		HideSolutionNode = FALSE
	EndGlobalSection
	GlobalSection(ExtensibilityGlobals) = postSolution
		SolutionGuid = {2EB7315B-C498-47C2-8F8F-42A659317D6A}
	EndGlobalSection
EndGlobal
